github.com/andreburgaud/crypt2go v1.4.0 h1:i2zy+SmjKlQ22eGMR8pIOgrp8OJwbEYp/TVKIcJJBY4=
github.com/andreburgaud/crypt2go v1.4.0/go.mod h1:MVXF4rq1q0igLFpdb+XW1DfIIgvbSsswGRUwwFbzcnc=
github.com/zenazn/pkcs7pad v0.0.0-20170308005700-253a5b1f0e03 h1:m1h+vudopHsI67FPT9MOncyndWhTcdUoBtI1R1uajGY=
github.com/zenazn/pkcs7pad v0.0.0-20170308005700-253a5b1f0e03/go.mod h1:8sheVFH84v3PCyFY/O02mIgSQY9I6wMYPWsq7mDnEZY=
